
Microsoft Visual Studio Solution File, Format Version 12.00
# Visual Studio Version 17
VisualStudioVersion = 17.14.36511.14 d17.14
MinimumVisualStudioVersion = 10.0.40219.1
Project("{FAE04EC0-301F-11D3-BF4B-00C04F79EFBC}") = "VMSProjekt", "VMSProjekt.csproj", "{8C4D8BE0-9F39-4776-B49D-5DA811193F5F}"
EndProject
Global
	GlobalSection(SolutionConfigurationPlatforms) = preSolution
		Debug|Any CPU = Debug|Any CPU
		Release|Any CPU = Release|Any CPU
	EndGlobalSection
	GlobalSection(ProjectConfigurationPlatforms) = postSolution
		{8C4D8BE0-9F39-4776-B49D-5DA811193F5F}.Debug|Any CPU.ActiveCfg = Debug|Any CPU
		{8C4D8BE0-9F39-4776-B49D-5DA811193F5F}.Debug|Any CPU.Build.0 = Debug|Any CPU
		{8C4D8BE0-9F39-4776-B49D-5DA811193F5F}.Release|Any CPU.ActiveCfg = Release|Any CPU
		{8C4D8BE0-9F39-4776-B49D-5DA811193F5F}.Release|Any CPU.Build.0 = Release|Any CPU
	EndGlobalSection
	GlobalSection(SolutionProperties) = preSolution
		HideSolutionNode = FALSE
	EndGlobalSection
	GlobalSection(ExtensibilityGlobals) = postSolution
		SolutionGuid = {A9D7476B-6599-4EB2-AA66-8B6F19D62EE2}
	EndGlobalSection
EndGlobal
